
Microsoft Visual Studio Solution File, Format Version 12.00
# Visual Studio Version 16
VisualStudioVersion = 16.0.33027.164
MinimumVisualStudioVersion = 10.0.40219.1
Project("{FAE04EC0-301F-11D3-BF4B-00C04F79EFBC}") = "text-to-pic", "text-to-pic\text-to-pic.csproj", "{2013EE73-0245-4CB6-BEE1-8C92FEF646FF}"
EndProject
Global
	GlobalSection(SolutionConfigurationPlatforms) = preSolution
		Debug|Any CPU = Debug|Any CPU
		Release|Any CPU = Release|Any CPU
	EndGlobalSection
	GlobalSection(ProjectConfigurationPlatforms) = postSolution
		{2013EE73-0245-4CB6-BEE1-8C92FEF646FF}.Debug|Any CPU.ActiveCfg = Debug|Any CPU
		{2013EE73-0245-4CB6-BEE1-8C92FEF646FF}.Debug|Any CPU.Build.0 = Debug|Any CPU
		{2013EE73-0245-4CB6-BEE1-8C92FEF646FF}.Release|Any CPU.ActiveCfg = Release|Any CPU
		{2013EE73-0245-4CB6-BEE1-8C92FEF646FF}.Release|Any CPU.Build.0 = Release|Any CPU
	EndGlobalSection
	GlobalSection(SolutionProperties) = preSolution
		HideSolutionNode = FALSE
	EndGlobalSection
	GlobalSection(ExtensibilityGlobals) = postSolution
		SolutionGuid = {5D88A222-86BE-46E9-8D9A-4CB9B7F3E8C9}
	EndGlobalSection
EndGlobal
